
Microsoft Visual Studio Solution File, Format Version 12.00
# Visual Studio Version 17
VisualStudioVersion = 17.10.35122.118
MinimumVisualStudioVersion = 10.0.40219.1
Project("{9A19103F-16F7-4668-BE54-9A1E7A4F7556}") = "BookManagement", "BookManagement\BookManagement.csproj", "{F643A50A-05CB-42E7-BFCA-B6D2E01B5799}"
EndProject
Project("{FAE04EC0-301F-11D3-BF4B-00C04F79EFBC}") = "Repositories", "Repositories\Repositories.csproj", "{0F41CF1A-B731-4364-A615-7BE4C1EDA125}"
EndProject
Project("{FAE04EC0-301F-11D3-BF4B-00C04F79EFBC}") = "Services", "Services\Services.csproj", "{B9C3B1E4-1651-47B8-B5DD-3B577CCD3620}"
EndProject
Global
	GlobalSection(SolutionConfigurationPlatforms) = preSolution
		Debug|Any CPU = Debug|Any CPU
		Release|Any CPU = Release|Any CPU
	EndGlobalSection
	GlobalSection(ProjectConfigurationPlatforms) = postSolution
		{F643A50A-05CB-42E7-BFCA-B6D2E01B5799}.Debug|Any CPU.ActiveCfg = Debug|Any CPU
		{F643A50A-05CB-42E7-BFCA-B6D2E01B5799}.Debug|Any CPU.Build.0 = Debug|Any CPU
		{F643A50A-05CB-42E7-BFCA-B6D2E01B5799}.Release|Any CPU.ActiveCfg = Release|Any CPU
		{F643A50A-05CB-42E7-BFCA-B6D2E01B5799}.Release|Any CPU.Build.0 = Release|Any CPU
		{0F41CF1A-B731-4364-A615-7BE4C1EDA125}.Debug|Any CPU.ActiveCfg = Debug|Any CPU
		{0F41CF1A-B731-4364-A615-7BE4C1EDA125}.Debug|Any CPU.Build.0 = Debug|Any CPU
		{0F41CF1A-B731-4364-A615-7BE4C1EDA125}.Release|Any CPU.ActiveCfg = Release|Any CPU
		{0F41CF1A-B731-4364-A615-7BE4C1EDA125}.Release|Any CPU.Build.0 = Release|Any CPU
		{B9C3B1E4-1651-47B8-B5DD-3B577CCD3620}.Debug|Any CPU.ActiveCfg = Debug|Any CPU
		{B9C3B1E4-1651-47B8-B5DD-3B577CCD3620}.Debug|Any CPU.Build.0 = Debug|Any CPU
		{B9C3B1E4-1651-47B8-B5DD-3B577CCD3620}.Release|Any CPU.ActiveCfg = Release|Any CPU
		{B9C3B1E4-1651-47B8-B5DD-3B577CCD3620}.Release|Any CPU.Build.0 = Release|Any CPU
	EndGlobalSection
	GlobalSection(SolutionProperties) = preSolution
		HideSolutionNode = FALSE
	EndGlobalSection
	GlobalSection(ExtensibilityGlobals) = postSolution
		SolutionGuid = {90DCAA9B-D693-465C-8FD1-841B1061DD22}
	EndGlobalSection
EndGlobal
